{
  "name": "@miyucy/ises5-webpack-plugin",
  "version": "1.0.0",
  "lockfileVersion": 1,
  "requires": true,
  "dependencies": {
    "acorn": {
      "version": "6.0.1",
      "resolved": "https://registry.npmjs.org/acorn/-/acorn-6.0.1.tgz",
      "integrity": "sha512-SiwgrRuRD2D1R6qjwwoopKcCTkmmIWjy1M15Wv+Nk/7VUsBad4P8GOPft2t6coDZG0TuR5dq9o1v0g8wo7F6+A=="
    }
  }
}
